
Microsoft Visual Studio Solution File, Format Version 12.00
# Visual Studio 15
VisualStudioVersion = 15.0.26403.3
MinimumVisualStudioVersion = 10.0.40219.1
Project("{FAE04EC0-301F-11D3-BF4B-00C04F79EFBC}") = "AGFeed", "AGFeed\AGFeed.csproj", "{CAFF754B-287C-4943-BD7D-DE43C179BE78}"
EndProject
Project("{FAE04EC0-301F-11D3-BF4B-00C04F79EFBC}") = "AGFeedTest", "AGFeedTest\AGFeedTest.csproj", "{49AE14C1-43B4-4079-8AA9-330A4ECCEE40}"
EndProject
Global
	GlobalSection(SolutionConfigurationPlatforms) = preSolution
		Debug|Any CPU = Debug|Any CPU
		Release|Any CPU = Release|Any CPU
	EndGlobalSection
	GlobalSection(ProjectConfigurationPlatforms) = postSolution
		{CAFF754B-287C-4943-BD7D-DE43C179BE78}.Debug|Any CPU.ActiveCfg = Debug|Any CPU
		{CAFF754B-287C-4943-BD7D-DE43C179BE78}.Debug|Any CPU.Build.0 = Debug|Any CPU
		{CAFF754B-287C-4943-BD7D-DE43C179BE78}.Release|Any CPU.ActiveCfg = Release|Any CPU
		{CAFF754B-287C-4943-BD7D-DE43C179BE78}.Release|Any CPU.Build.0 = Release|Any CPU
		{49AE14C1-43B4-4079-8AA9-330A4ECCEE40}.Debug|Any CPU.ActiveCfg = Debug|Any CPU
		{49AE14C1-43B4-4079-8AA9-330A4ECCEE40}.Debug|Any CPU.Build.0 = Debug|Any CPU
		{49AE14C1-43B4-4079-8AA9-330A4ECCEE40}.Release|Any CPU.ActiveCfg = Release|Any CPU
		{49AE14C1-43B4-4079-8AA9-330A4ECCEE40}.Release|Any CPU.Build.0 = Release|Any CPU
	EndGlobalSection
	GlobalSection(SolutionProperties) = preSolution
		HideSolutionNode = FALSE
	EndGlobalSection
EndGlobal
